PODS:
  - CircularPageControll (1.0.4)

DEPENDENCIES:
  - CircularPageControll (from `../`)

EXTERNAL SOURCES:
  CircularPageControll:
    :path: "../"

SPEC CHECKSUMS:
  CircularPageControll: fbee78881e9f04662f263caa055b763d3a9caa07

PODFILE CHECKSUM: 9998832a934629125d24cff66a8bede712b87eb7

COCOAPODS: 1.8.0.beta.2
