PODS:
  - CircularPageControll (1.0.1)

DEPENDENCIES:
  - CircularPageControll (from `../`)

EXTERNAL SOURCES:
  CircularPageControll:
    :path: "../"

SPEC CHECKSUMS:
  CircularPageControll: f9a2f58435b27786bffa30a14ec34ece63599015

PODFILE CHECKSUM: 9998832a934629125d24cff66a8bede712b87eb7

COCOAPODS: 1.8.0.beta.2
